// !$*UTF8*$!
{
	archiveVersion = 1;
	classes = {
	};
	objectVersion = 50;
	objects = {

/* Begin PBXBuildFile section */
		29605E05264821F600237180 /* PageViewController.swift in Sources */ = {isa = PBXBuildFile; fileRef = 29605E04264821F600237180 /* PageViewController.swift */; };
		29605E072648238D00237180 /* FeatureCard.swift in Sources */ = {isa = PBXBuildFile; fileRef = 29605E062648238D00237180 /* FeatureCard.swift */; };
		29605E092648250100237180 /* PageView.swift in Sources */ = {isa = PBXBuildFile; fileRef = 29605E082648250100237180 /* PageView.swift */; };
		29605E0B26482A0F00237180 /* PageControl.swift in Sources */ = {isa = PBXBuildFile; fileRef = 29605E0A26482A0F00237180 /* PageControl.swift */; };
		29605E112649731E00237180 /* Assets.xcassets in Resources */ = {isa = PBXBuildFile; fileRef = 29605E102649731E00237180 /* Assets.xcassets */; };
		29605E182649731F00237180 /* WatchLandmarks Extension.appex in Embed App Extensions */ = {isa = PBXBuildFile; fileRef = 29605E172649731F00237180 /* WatchLandmarks Extension.appex */; settings = {ATTRIBUTES = (RemoveHeadersOnCopy, ); }; };
		29605E1F2649731F00237180 /* ContentView.swift in Sources */ = {isa = PBXBuildFile; fileRef = 29605E1E2649731F00237180 /* ContentView.swift */; };
		29605E212649731F00237180 /* NotificationController.swift in Sources */ = {isa = PBXBuildFile; fileRef = 29605E202649731F00237180 /* NotificationController.swift */; };
		29605E232649731F00237180 /* NotificationView.swift in Sources */ = {isa = PBXBuildFile; fileRef = 29605E222649731F00237180 /* NotificationView.swift */; };
		29605E252649731F00237180 /* ComplicationController.swift in Sources */ = {isa = PBXBuildFile; fileRef = 29605E242649731F00237180 /* ComplicationController.swift */; };
		29605E272649731F00237180 /* Assets.xcassets in Resources */ = {isa = PBXBuildFile; fileRef = 29605E262649731F00237180 /* Assets.xcassets */; };
		29605E2A2649731F00237180 /* Preview Assets.xcassets in Resources */ = {isa = PBXBuildFile; fileRef = 29605E292649731F00237180 /* Preview Assets.xcassets */; };
		29605E2F2649731F00237180 /* WatchLandmarks.app in Embed Watch Content */ = {isa = PBXBuildFile; fileRef = 29605E0E2649731D00237180 /* WatchLandmarks.app */; settings = {ATTRIBUTES = (RemoveHeadersOnCopy, ); }; };
		29605E382649742200237180 /* LandmarkList.swift in Sources */ = {isa = PBXBuildFile; fileRef = FFF7B0A626403D3A0092FE38 /* LandmarkList.swift */; };
		29605E392649742200237180 /* ModelData.swift in Sources */ = {isa = PBXBuildFile; fileRef = FFF7B09F26403AA20092FE38 /* ModelData.swift */; };
		29605E3A2649742200237180 /* hikeData.json in Resources */ = {isa = PBXBuildFile; fileRef = FF422ADB26443F530079E211 /* hikeData.json */; };
		29605E3B2649742200237180 /* CircleImage.swift in Sources */ = {isa = PBXBuildFile; fileRef = FFF7B097263EF8200092FE38 /* CircleImage.swift */; };
		29605E3C2649742200237180 /* MapView.swift in Sources */ = {isa = PBXBuildFile; fileRef = FFF7B099263EF8AF0092FE38 /* MapView.swift */; };
		29605E3D2649742200237180 /* LandmarksApp.swift in Sources */ = {isa = PBXBuildFile; fileRef = FFF7B088263EF6C90092FE38 /* LandmarksApp.swift */; };
		29605E3E2649742200237180 /* LandmarkRow.swift in Sources */ = {isa = PBXBuildFile; fileRef = FFF7B0A426403C120092FE38 /* LandmarkRow.swift */; };
		29605E3F2649742200237180 /* Assets.xcassets in Resources */ = {isa = PBXBuildFile; fileRef = FFF7B08C263EF6CA0092FE38 /* Assets.xcassets */; };
		29605E402649742200237180 /* Hike.swift in Sources */ = {isa = PBXBuildFile; fileRef = FF422ADD26443F930079E211 /* Hike.swift */; };
		29605E412649742200237180 /* Landmark.swift in Sources */ = {isa = PBXBuildFile; fileRef = FFF7B09D2640396E0092FE38 /* Landmark.swift */; };
		29605E422649742200237180 /* Profile.swift in Sources */ = {isa = PBXBuildFile; fileRef = FFCFF7162647104000998CCD /* Profile.swift */; };
		29605E432649742200237180 /* landmarkData.json in Resources */ = {isa = PBXBuildFile; fileRef = FFF7B09B2640391B0092FE38 /* landmarkData.json */; };
		29605E45264975BA00237180 /* LandmarkDetail.swift in Sources */ = {isa = PBXBuildFile; fileRef = 29605E44264975BA00237180 /* LandmarkDetail.swift */; };
		FF422ACD2641A9CF0079E211 /* FavoriteButton.swift in Sources */ = {isa = PBXBuildFile; fileRef = FF422ACC2641A9CF0079E211 /* FavoriteButton.swift */; };
		FF422AD12642F06B0079E211 /* HexagonParameters.swift in Sources */ = {isa = PBXBuildFile; fileRef = FF422AD02642F06B0079E211 /* HexagonParameters.swift */; };
		FF422AD32642F27E0079E211 /* BadgeBackground.swift in Sources */ = {isa = PBXBuildFile; fileRef = FF422AD22642F27E0079E211 /* BadgeBackground.swift */; };
		FF422AD52642F6170079E211 /* BadgeSymbol.swift in Sources */ = {isa = PBXBuildFile; fileRef = FF422AD42642F6170079E211 /* BadgeSymbol.swift */; };
		FF422AD72642F89D0079E211 /* RotatedBadgeSymbol.swift in Sources */ = {isa = PBXBuildFile; fileRef = FF422AD62642F89D0079E211 /* RotatedBadgeSymbol.swift */; };
		FF422AD92642F9260079E211 /* Badge.swift in Sources */ = {isa = PBXBuildFile; fileRef = FF422AD82642F9260079E211 /* Badge.swift */; };
		FF422ADC26443F530079E211 /* hikeData.json in Resources */ = {isa = PBXBuildFile; fileRef = FF422ADB26443F530079E211 /* hikeData.json */; };
		FF422ADE26443F930079E211 /* Hike.swift in Sources */ = {isa = PBXBuildFile; fileRef = FF422ADD26443F930079E211 /* Hike.swift */; };
		FF422AE4264440570079E211 /* GraphCapsule.swift in Sources */ = {isa = PBXBuildFile; fileRef = FF422AE0264440570079E211 /* GraphCapsule.swift */; };
		FF422AE5264440570079E211 /* HikeGraph.swift in Sources */ = {isa = PBXBuildFile; fileRef = FF422AE1264440570079E211 /* HikeGraph.swift */; };
		FF422AE6264440570079E211 /* HikeDetail.swift in Sources */ = {isa = PBXBuildFile; fileRef = FF422AE2264440570079E211 /* HikeDetail.swift */; };
		FF422AE7264440570079E211 /* HikeView.swift in Sources */ = {isa = PBXBuildFile; fileRef = FF422AE3264440570079E211 /* HikeView.swift */; };
		FF422AEA26458C190079E211 /* CategoryHome.swift in Sources */ = {isa = PBXBuildFile; fileRef = FF422AE926458C190079E211 /* CategoryHome.swift */; };
		FF422AEC26458DED0079E211 /* CategoryRow.swift in Sources */ = {isa = PBXBuildFile; fileRef = FF422AEB26458DED0079E211 /* CategoryRow.swift */; };
		FF422AEE26458F120079E211 /* CategoryItem.swift in Sources */ = {isa = PBXBuildFile; fileRef = FF422AED26458F120079E211 /* CategoryItem.swift */; };
		FFCFF7172647104000998CCD /* Profile.swift in Sources */ = {isa = PBXBuildFile; fileRef = FFCFF7162647104000998CCD /* Profile.swift */; };
		FFCFF71A2647110700998CCD /* ProfileHost.swift in Sources */ = {isa = PBXBuildFile; fileRef = FFCFF7192647110700998CCD /* ProfileHost.swift */; };
		FFCFF71C2647114900998CCD /* ProfileSummary.swift in Sources */ = {isa = PBXBuildFile; fileRef = FFCFF71B2647114900998CCD /* ProfileSummary.swift */; };
		FFCFF71E2647124300998CCD /* HikeBadge.swift in Sources */ = {isa = PBXBuildFile; fileRef = FFCFF71D2647124300998CCD /* HikeBadge.swift */; };
		FFCFF7202647168800998CCD /* ProfileEditor.swift in Sources */ = {isa = PBXBuildFile; fileRef = FFCFF71F2647168800998CCD /* ProfileEditor.swift */; };
		FFF7B089263EF6C90092FE38 /* LandmarksApp.swift in Sources */ = {isa = PBXBuildFile; fileRef = FFF7B088263EF6C90092FE38 /* LandmarksApp.swift */; };
		FFF7B08B263EF6C90092FE38 /* ContentView.swift in Sources */ = {isa = PBXBuildFile; fileRef = FFF7B08A263EF6C90092FE38 /* ContentView.swift */; };
		FFF7B08D263EF6CA0092FE38 /* Assets.xcassets in Resources */ = {isa = PBXBuildFile; fileRef = FFF7B08C263EF6CA0092FE38 /* Assets.xcassets */; };
		FFF7B090263EF6CA0092FE38 /* Preview Assets.xcassets in Resources */ = {isa = PBXBuildFile; fileRef = FFF7B08F263EF6CA0092FE38 /* Preview Assets.xcassets */; };
		FFF7B098263EF8200092FE38 /* CircleImage.swift in Sources */ = {isa = PBXBuildFile; fileRef = FFF7B097263EF8200092FE38 /* CircleImage.swift */; };
		FFF7B09A263EF8AF0092FE38 /* MapView.swift in Sources */ = {isa = PBXBuildFile; fileRef = FFF7B099263EF8AF0092FE38 /* MapView.swift */; };
		FFF7B09C2640391B0092FE38 /* landmarkData.json in Resources */ = {isa = PBXBuildFile; fileRef = FFF7B09B2640391B0092FE38 /* landmarkData.json */; };
		FFF7B09E2640396E0092FE38 /* Landmark.swift in Sources */ = {isa = PBXBuildFile; fileRef = FFF7B09D2640396E0092FE38 /* Landmark.swift */; };
		FFF7B0A026403AA20092FE38 /* ModelData.swift in Sources */ = {isa = PBXBuildFile; fileRef = FFF7B09F26403AA20092FE38 /* ModelData.swift */; };
		FFF7B0A526403C120092FE38 /* LandmarkRow.swift in Sources */ = {isa = PBXBuildFile; fileRef = FFF7B0A426403C120092FE38 /* LandmarkRow.swift */; };
		FFF7B0A726403D3A0092FE38 /* LandmarkList.swift in Sources */ = {isa = PBXBuildFile; fileRef = FFF7B0A626403D3A0092FE38 /* LandmarkList.swift */; };
		FFF7B0A926403E5B0092FE38 /* LandmarkDetail.swift in Sources */ = {isa = PBXBuildFile; fileRef = FFF7B0A826403E5B0092FE38 /* LandmarkDetail.swift */; };
/* End PBXBuildFile section */

/* Begin PBXContainerItemProxy section */
		29605E192649731F00237180 /* PBXContainerItemProxy */ = {
			isa = PBXContainerItemProxy;
			containerPortal = FFF7B07D263EF6C90092FE38 /* Project object */;
			proxyType = 1;
			remoteGlobalIDString = 29605E162649731F00237180;
			remoteInfo = "WatchLandmarks Extension";
		};
		29605E2D2649731F00237180 /* PBXContainerItemProxy */ = {
			isa = PBXContainerItemProxy;
			containerPortal = FFF7B07D263EF6C90092FE38 /* Project object */;
			proxyType = 1;
			remoteGlobalIDString = 29605E0D2649731D00237180;
			remoteInfo = WatchLandmarks;
		};
/* End PBXContainerItemProxy section */

/* Begin PBXCopyFilesBuildPhase section */
		29605E332649731F00237180 /* Embed App Extensions */ = {
			isa = PBXCopyFilesBuildPhase;
			buildActionMask = 2147483647;
			dstPath = "";
			dstSubfolderSpec = 13;
			files = (
				29605E182649731F00237180 /* WatchLandmarks Extension.appex in Embed App Extensions */,
			);
			name = "Embed App Extensions";
			runOnlyForDeploymentPostprocessing = 0;
		};
		29605E372649731F00237180 /* Embed Watch Content */ = {
			isa = PBXCopyFilesBuildPhase;
			buildActionMask = 2147483647;
			dstPath = "$(CONTENTS_FOLDER_PATH)/Watch";
			dstSubfolderSpec = 16;
			files = (
				29605E2F2649731F00237180 /* WatchLandmarks.app in Embed Watch Content */,
			);
			name = "Embed Watch Content";
			runOnlyForDeploymentPostprocessing = 0;
		};
/* End PBXCopyFilesBuildPhase section */

/* Begin PBXFileReference section */
		29605E04264821F600237180 /* PageViewController.swift */ = {isa = PBXFileReference; lastKnownFileType = sourcecode.swift; path = PageViewController.swift; sourceTree = "<group>"; };
		29605E062648238D00237180 /* FeatureCard.swift */ = {isa = PBXFileReference; lastKnownFileType = sourcecode.swift; path = FeatureCard.swift; sourceTree = "<group>"; };
		29605E082648250100237180 /* PageView.swift */ = {isa = PBXFileReference; lastKnownFileType = sourcecode.swift; path = PageView.swift; sourceTree = "<group>"; };
		29605E0A26482A0F00237180 /* PageControl.swift */ = {isa = PBXFileReference; lastKnownFileType = sourcecode.swift; path = PageControl.swift; sourceTree = "<group>"; };
		29605E0E2649731D00237180 /* WatchLandmarks.app */ = {isa = PBXFileReference; explicitFileType = wrapper.application; includeInIndex = 0; path = WatchLandmarks.app; sourceTree = BUILT_PRODUCTS_DIR; };
		29605E102649731E00237180 /* Assets.xcassets */ = {isa = PBXFileReference; lastKnownFileType = folder.assetcatalog; path = Assets.xcassets; sourceTree = "<group>"; };
		29605E122649731E00237180 /* Info.plist */ = {isa = PBXFileReference; lastKnownFileType = text.plist.xml; path = Info.plist; sourceTree = "<group>"; };
		29605E172649731F00237180 /* WatchLandmarks Extension.appex */ = {isa = PBXFileReference; explicitFileType = "wrapper.app-extension"; includeInIndex = 0; path = "WatchLandmarks Extension.appex"; sourceTree = BUILT_PRODUCTS_DIR; };
		29605E1E2649731F00237180 /* ContentView.swift */ = {isa = PBXFileReference; lastKnownFileType = sourcecode.swift; path = ContentView.swift; sourceTree = "<group>"; };
		29605E202649731F00237180 /* NotificationController.swift */ = {isa = PBXFileReference; lastKnownFileType = sourcecode.swift; path = NotificationController.swift; sourceTree = "<group>"; };
		29605E222649731F00237180 /* NotificationView.swift */ = {isa = PBXFileReference; lastKnownFileType = sourcecode.swift; path = NotificationView.swift; sourceTree = "<group>"; };
		29605E242649731F00237180 /* ComplicationController.swift */ = {isa = PBXFileReference; lastKnownFileType = sourcecode.swift; path = ComplicationController.swift; sourceTree = "<group>"; };
		29605E262649731F00237180 /* Assets.xcassets */ = {isa = PBXFileReference; lastKnownFileType = folder.assetcatalog; path = Assets.xcassets; sourceTree = "<group>"; };
		29605E292649731F00237180 /* Preview Assets.xcassets */ = {isa = PBXFileReference; lastKnownFileType = folder.assetcatalog; path = "Preview Assets.xcassets"; sourceTree = "<group>"; };
		29605E2B2649731F00237180 /* Info.plist */ = {isa = PBXFileReference; lastKnownFileType = text.plist.xml; path = Info.plist; sourceTree = "<group>"; };
		29605E2C2649731F00237180 /* PushNotificationPayload.apns */ = {isa = PBXFileReference; lastKnownFileType = text; path = PushNotificationPayload.apns; sourceTree = "<group>"; };
		29605E44264975BA00237180 /* LandmarkDetail.swift */ = {isa = PBXFileReference; lastKnownFileType = sourcecode.swift; path = LandmarkDetail.swift; sourceTree = "<group>"; };
		FF422ACC2641A9CF0079E211 /* FavoriteButton.swift */ = {isa = PBXFileReference; lastKnownFileType = sourcecode.swift; path = FavoriteButton.swift; sourceTree = "<group>"; };
		FF422AD02642F06B0079E211 /* HexagonParameters.swift */ = {isa = PBXFileReference; lastKnownFileType = sourcecode.swift; path = HexagonParameters.swift; sourceTree = "<group>"; };
		FF422AD22642F27E0079E211 /* BadgeBackground.swift */ = {isa = PBXFileReference; lastKnownFileType = sourcecode.swift; path = BadgeBackground.swift; sourceTree = "<group>"; };
		FF422AD42642F6170079E211 /* BadgeSymbol.swift */ = {isa = PBXFileReference; lastKnownFileType = sourcecode.swift; path = BadgeSymbol.swift; sourceTree = "<group>"; };
		FF422AD62642F89D0079E211 /* RotatedBadgeSymbol.swift */ = {isa = PBXFileReference; lastKnownFileType = sourcecode.swift; path = RotatedBadgeSymbol.swift; sourceTree = "<group>"; };
		FF422AD82642F9260079E211 /* Badge.swift */ = {isa = PBXFileReference; lastKnownFileType = sourcecode.swift; path = Badge.swift; sourceTree = "<group>"; };
		FF422ADB26443F530079E211 /* hikeData.json */ = {isa = PBXFileReference; fileEncoding = 4; lastKnownFileType = text.json; path = hikeData.json; sourceTree = "<group>"; };
		FF422ADD26443F930079E211 /* Hike.swift */ = {isa = PBXFileReference; lastKnownFileType = sourcecode.swift; path = Hike.swift; sourceTree = "<group>"; };
		FF422AE0264440570079E211 /* GraphCapsule.swift */ = {isa = PBXFileReference; fileEncoding = 4; lastKnownFileType = sourcecode.swift; path = GraphCapsule.swift; sourceTree = "<group>"; };
		FF422AE1264440570079E211 /* HikeGraph.swift */ = {isa = PBXFileReference; fileEncoding = 4; lastKnownFileType = sourcecode.swift; path = HikeGraph.swift; sourceTree = "<group>"; };
		FF422AE2264440570079E211 /* HikeDetail.swift */ = {isa = PBXFileReference; fileEncoding = 4; lastKnownFileType = sourcecode.swift; path = HikeDetail.swift; sourceTree = "<group>"; };
		FF422AE3264440570079E211 /* HikeView.swift */ = {isa = PBXFileReference; fileEncoding = 4; lastKnownFileType = sourcecode.swift; path = HikeView.swift; sourceTree = "<group>"; };
		FF422AE926458C190079E211 /* CategoryHome.swift */ = {isa = PBXFileReference; lastKnownFileType = sourcecode.swift; path = CategoryHome.swift; sourceTree = "<group>"; };
		FF422AEB26458DED0079E211 /* CategoryRow.swift */ = {isa = PBXFileReference; lastKnownFileType = sourcecode.swift; path = CategoryRow.swift; sourceTree = "<group>"; };
		FF422AED26458F120079E211 /* CategoryItem.swift */ = {isa = PBXFileReference; lastKnownFileType = sourcecode.swift; path = CategoryItem.swift; sourceTree = "<group>"; };
		FFCFF7162647104000998CCD /* Profile.swift */ = {isa = PBXFileReference; lastKnownFileType = sourcecode.swift; path = Profile.swift; sourceTree = "<group>"; };
		FFCFF7192647110700998CCD /* ProfileHost.swift */ = {isa = PBXFileReference; lastKnownFileType = sourcecode.swift; path = ProfileHost.swift; sourceTree = "<group>"; };
		FFCFF71B2647114900998CCD /* ProfileSummary.swift */ = {isa = PBXFileReference; lastKnownFileType = sourcecode.swift; path = ProfileSummary.swift; sourceTree = "<group>"; };
		FFCFF71D2647124300998CCD /* HikeBadge.swift */ = {isa = PBXFileReference; lastKnownFileType = sourcecode.swift; path = HikeBadge.swift; sourceTree = "<group>"; };
		FFCFF71F2647168800998CCD /* ProfileEditor.swift */ = {isa = PBXFileReference; lastKnownFileType = sourcecode.swift; path = ProfileEditor.swift; sourceTree = "<group>"; };
		FFF7B085263EF6C90092FE38 /* Landmarks.app */ = {isa = PBXFileReference; explicitFileType = wrapper.application; includeInIndex = 0; path = Landmarks.app; sourceTree = BUILT_PRODUCTS_DIR; };
		FFF7B088263EF6C90092FE38 /* LandmarksApp.swift */ = {isa = PBXFileReference; lastKnownFileType = sourcecode.swift; path = LandmarksApp.swift; sourceTree = "<group>"; };
		FFF7B08A263EF6C90092FE38 /* ContentView.swift */ = {isa = PBXFileReference; lastKnownFileType = sourcecode.swift; path = ContentView.swift; sourceTree = "<group>"; };
		FFF7B08C263EF6CA0092FE38 /* Assets.xcassets */ = {isa = PBXFileReference; lastKnownFileType = folder.assetcatalog; path = Assets.xcassets; sourceTree = "<group>"; };
		FFF7B08F263EF6CA0092FE38 /* Preview Assets.xcassets */ = {isa = PBXFileReference; lastKnownFileType = folder.assetcatalog; path = "Preview Assets.xcassets"; sourceTree = "<group>"; };
		FFF7B091263EF6CA0092FE38 /* Info.plist */ = {isa = PBXFileReference; lastKnownFileType = text.plist.xml; path = Info.plist; sourceTree = "<group>"; };
		FFF7B097263EF8200092FE38 /* CircleImage.swift */ = {isa = PBXFileReference; lastKnownFileType = sourcecode.swift; path = CircleImage.swift; sourceTree = "<group>"; };
		FFF7B099263EF8AF0092FE38 /* MapView.swift */ = {isa = PBXFileReference; lastKnownFileType = sourcecode.swift; path = MapView.swift; sourceTree = "<group>"; };
		FFF7B09B2640391B0092FE38 /* landmarkData.json */ = {isa = PBXFileReference; fileEncoding = 4; lastKnownFileType = text.json; path = landmarkData.json; sourceTree = "<group>"; };
		FFF7B09D2640396E0092FE38 /* Landmark.swift */ = {isa = PBXFileReference; lastKnownFileType = sourcecode.swift; path = Landmark.swift; sourceTree = "<group>"; };
		FFF7B09F26403AA20092FE38 /* ModelData.swift */ = {isa = PBXFileReference; lastKnownFileType = sourcecode.swift; path = ModelData.swift; sourceTree = "<group>"; };
		FFF7B0A426403C120092FE38 /* LandmarkRow.swift */ = {isa = PBXFileReference; lastKnownFileType = sourcecode.swift; path = LandmarkRow.swift; sourceTree = "<group>"; };
		FFF7B0A626403D3A0092FE38 /* LandmarkList.swift */ = {isa = PBXFileReference; lastKnownFileType = sourcecode.swift; path = LandmarkList.swift; sourceTree = "<group>"; };
		FFF7B0A826403E5B0092FE38 /* LandmarkDetail.swift */ = {isa = PBXFileReference; lastKnownFileType = sourcecode.swift; path = LandmarkDetail.swift; sourceTree = "<group>"; };
/* End PBXFileReference section */

/* Begin PBXFrameworksBuildPhase section */
		29605E142649731F00237180 /* Frameworks */ = {
			isa = PBXFrameworksBuildPhase;
			buildActionMask = 2147483647;
			files = (
			);
			runOnlyForDeploymentPostprocessing = 0;
		};
		FFF7B082263EF6C90092FE38 /* Frameworks */ = {
			isa = PBXFrameworksBuildPhase;
			buildActionMask = 2147483647;
			files = (
			);
			runOnlyForDeploymentPostprocessing = 0;
		};
/* End PBXFrameworksBuildPhase section */

/* Begin PBXGroup section */
		29605E03264821D000237180 /* PageView */ = {
			isa = PBXGroup;
			children = (
				29605E082648250100237180 /* PageView.swift */,
				29605E04264821F600237180 /* PageViewController.swift */,
				29605E0A26482A0F00237180 /* PageControl.swift */,
				29605E062648238D00237180 /* FeatureCard.swift */,
			);
			path = PageView;
			sourceTree = "<group>";
		};
		29605E0F2649731D00237180 /* WatchLandmarks */ = {
			isa = PBXGroup;
			children = (
				29605E102649731E00237180 /* Assets.xcassets */,
				29605E122649731E00237180 /* Info.plist */,
			);
			path = WatchLandmarks;
			sourceTree = "<group>";
		};
		29605E1B2649731F00237180 /* WatchLandmarks Extension */ = {
			isa = PBXGroup;
			children = (
				29605E1E2649731F00237180 /* ContentView.swift */,
				29605E44264975BA00237180 /* LandmarkDetail.swift */,
				29605E202649731F00237180 /* NotificationController.swift */,
				29605E222649731F00237180 /* NotificationView.swift */,
				29605E242649731F00237180 /* ComplicationController.swift */,
				29605E262649731F00237180 /* Assets.xcassets */,
				29605E2B2649731F00237180 /* Info.plist */,
				29605E2C2649731F00237180 /* PushNotificationPayload.apns */,
				29605E282649731F00237180 /* Preview Content */,
			);
			path = "WatchLandmarks Extension";
			sourceTree = "<group>";
		};
		29605E282649731F00237180 /* Preview Content */ = {
			isa = PBXGroup;
			children = (
				29605E292649731F00237180 /* Preview Assets.xcassets */,
			);
			path = "Preview Content";
			sourceTree = "<group>";
		};
		FF422ACE2641AA8A0079E211 /* Helpers */ = {
			isa = PBXGroup;
			children = (
				FFF7B097263EF8200092FE38 /* CircleImage.swift */,
				FFF7B099263EF8AF0092FE38 /* MapView.swift */,
				FF422ACC2641A9CF0079E211 /* FavoriteButton.swift */,
			);
			path = Helpers;
			sourceTree = "<group>";
		};
		FF422ACF2641AA9E0079E211 /* Landmarks */ = {
			isa = PBXGroup;
			children = (
				FFF7B0A626403D3A0092FE38 /* LandmarkList.swift */,
				FFF7B0A426403C120092FE38 /* LandmarkRow.swift */,
				FFF7B0A826403E5B0092FE38 /* LandmarkDetail.swift */,
			);
			path = Landmarks;
			sourceTree = "<group>";
		};
		FF422ADA2642FA9C0079E211 /* Badges */ = {
			isa = PBXGroup;
			children = (
				FF422AD82642F9260079E211 /* Badge.swift */,
				FF422AD22642F27E0079E211 /* BadgeBackground.swift */,
				FF422AD42642F6170079E211 /* BadgeSymbol.swift */,
				FF422AD62642F89D0079E211 /* RotatedBadgeSymbol.swift */,
				FF422AD02642F06B0079E211 /* HexagonParameters.swift */,
			);
			path = Badges;
			sourceTree = "<group>";
		};
		FF422ADF264440570079E211 /* Hikes */ = {
			isa = PBXGroup;
			children = (
				FF422AE0264440570079E211 /* GraphCapsule.swift */,
				FF422AE1264440570079E211 /* HikeGraph.swift */,
				FF422AE2264440570079E211 /* HikeDetail.swift */,
				FF422AE3264440570079E211 /* HikeView.swift */,
				FFCFF71D2647124300998CCD /* HikeBadge.swift */,
			);
			path = Hikes;
			sourceTree = "<group>";
		};
		FF422AE826458C0B0079E211 /* Categories */ = {
			isa = PBXGroup;
			children = (
				FF422AE926458C190079E211 /* CategoryHome.swift */,
				FF422AEB26458DED0079E211 /* CategoryRow.swift */,
				FF422AED26458F120079E211 /* CategoryItem.swift */,
			);
			path = Categories;
			sourceTree = "<group>";
		};
		FFCFF718264710E800998CCD /* Profiles */ = {
			isa = PBXGroup;
			children = (
				FFCFF7192647110700998CCD /* ProfileHost.swift */,
				FFCFF71B2647114900998CCD /* ProfileSummary.swift */,
				FFCFF71F2647168800998CCD /* ProfileEditor.swift */,
			);
			path = Profiles;
			sourceTree = "<group>";
		};
		FFF7B07C263EF6C90092FE38 = {
			isa = PBXGroup;
			children = (
				FFF7B087263EF6C90092FE38 /* Landmarks */,
				29605E0F2649731D00237180 /* WatchLandmarks */,
				29605E1B2649731F00237180 /* WatchLandmarks Extension */,
				FFF7B086263EF6C90092FE38 /* Products */,
			);
			sourceTree = "<group>";
		};
		FFF7B086263EF6C90092FE38 /* Products */ = {
			isa = PBXGroup;
			children = (
				FFF7B085263EF6C90092FE38 /* Landmarks.app */,
				29605E0E2649731D00237180 /* WatchLandmarks.app */,
				29605E172649731F00237180 /* WatchLandmarks Extension.appex */,
			);
			name = Products;
			sourceTree = "<group>";
		};
		FFF7B087263EF6C90092FE38 /* Landmarks */ = {
			isa = PBXGroup;
			children = (
				FFF7B088263EF6C90092FE38 /* LandmarksApp.swift */,
				FF422ADF264440570079E211 /* Hikes */,
				FFF7B0A326403BB00092FE38 /* Views */,
				FFCFF718264710E800998CCD /* Profiles */,
				FFF7B0A226403BAB0092FE38 /* Model */,
				FFF7B0A126403BA40092FE38 /* Resources */,
				FFF7B08C263EF6CA0092FE38 /* Assets.xcassets */,
				FFF7B091263EF6CA0092FE38 /* Info.plist */,
				FFF7B08E263EF6CA0092FE38 /* Preview Content */,
			);
			path = Landmarks;
			sourceTree = "<group>";
		};
		FFF7B08E263EF6CA0092FE38 /* Preview Content */ = {
			isa = PBXGroup;
			children = (
				FFF7B08F263EF6CA0092FE38 /* Preview Assets.xcassets */,
			);
			path = "Preview Content";
			sourceTree = "<group>";
		};
		FFF7B0A126403BA40092FE38 /* Resources */ = {
			isa = PBXGroup;
			children = (
				FFF7B09B2640391B0092FE38 /* landmarkData.json */,
				FF422ADB26443F530079E211 /* hikeData.json */,
			);
			path = Resources;
			sourceTree = "<group>";
		};
		FFF7B0A226403BAB0092FE38 /* Model */ = {
			isa = PBXGroup;
			children = (
				FFF7B09F26403AA20092FE38 /* ModelData.swift */,
				FFF7B09D2640396E0092FE38 /* Landmark.swift */,
				FF422ADD26443F930079E211 /* Hike.swift */,
				FFCFF7162647104000998CCD /* Profile.swift */,
			);
			path = Model;
			sourceTree = "<group>";
		};
		FFF7B0A326403BB00092FE38 /* Views */ = {
			isa = PBXGroup;
			children = (
				FFF7B08A263EF6C90092FE38 /* ContentView.swift */,
				29605E03264821D000237180 /* PageView */,
				FF422AE826458C0B0079E211 /* Categories */,
				FF422ACF2641AA9E0079E211 /* Landmarks */,
				FF422ADA2642FA9C0079E211 /* Badges */,
				FF422ACE2641AA8A0079E211 /* Helpers */,
			);
			path = Views;
			sourceTree = "<group>";
		};
/* End PBXGroup section */

/* Begin PBXNativeTarget section */
		29605E0D2649731D00237180 /* WatchLandmarks */ = {
			isa = PBXNativeTarget;
			buildConfigurationList = 29605E342649731F00237180 /* Build configuration list for PBXNativeTarget "WatchLandmarks" */;
			buildPhases = (
				29605E0C2649731D00237180 /* Resources */,
				29605E332649731F00237180 /* Embed App Extensions */,
			);
			buildRules = (
			);
			dependencies = (
				29605E1A2649731F00237180 /* PBXTargetDependency */,
			);
			name = WatchLandmarks;
			productName = WatchLandmarks;
			productReference = 29605E0E2649731D00237180 /* WatchLandmarks.app */;
			productType = "com.apple.product-type.application.watchapp2";
		};
		29605E162649731F00237180 /* WatchLandmarks Extension */ = {
			isa = PBXNativeTarget;
			buildConfigurationList = 29605E302649731F00237180 /* Build configuration list for PBXNativeTarget "WatchLandmarks Extension" */;
			buildPhases = (
				29605E132649731F00237180 /* Sources */,
				29605E142649731F00237180 /* Frameworks */,
				29605E152649731F00237180 /* Resources */,
			);
			buildRules = (
			);
			dependencies = (
			);
			name = "WatchLandmarks Extension";
			productName = "WatchLandmarks Extension";
			productReference = 29605E172649731F00237180 /* WatchLandmarks Extension.appex */;
			productType = "com.apple.product-type.watchkit2-extension";
		};
		FFF7B084263EF6C90092FE38 /* Landmarks */ = {
			isa = PBXNativeTarget;
			buildConfigurationList = FFF7B094263EF6CA0092FE38 /* Build configuration list for PBXNativeTarget "Landmarks" */;
			buildPhases = (
				FFF7B081263EF6C90092FE38 /* Sources */,
				FFF7B082263EF6C90092FE38 /* Frameworks */,
				FFF7B083263EF6C90092FE38 /* Resources */,
				29605E372649731F00237180 /* Embed Watch Content */,
			);
			buildRules = (
			);
			dependencies = (
				29605E2E2649731F00237180 /* PBXTargetDependency */,
			);
			name = Landmarks;
			productName = Landmarks;
			productReference = FFF7B085263EF6C90092FE38 /* Landmarks.app */;
			productType = "com.apple.product-type.application";
		};
/* End PBXNativeTarget section */

/* Begin PBXProject section */
		FFF7B07D263EF6C90092FE38 /* Project object */ = {
			isa = PBXProject;
			attributes = {
				LastSwiftUpdateCheck = 1250;
				LastUpgradeCheck = 1250;
				TargetAttributes = {
					29605E0D2649731D00237180 = {
						CreatedOnToolsVersion = 12.5;
					};
					29605E162649731F00237180 = {
						CreatedOnToolsVersion = 12.5;
					};
					FFF7B084263EF6C90092FE38 = {
						CreatedOnToolsVersion = 12.5;
					};
				};
			};
			buildConfigurationList = FFF7B080263EF6C90092FE38 /* Build configuration list for PBXProject "Landmarks" */;
			compatibilityVersion = "Xcode 9.3";
			developmentRegion = en;
			hasScannedForEncodings = 0;
			knownRegions = (
				en,
				Base,
			);
			mainGroup = FFF7B07C263EF6C90092FE38;
			productRefGroup = FFF7B086263EF6C90092FE38 /* Products */;
			projectDirPath = "";
			projectRoot = "";
			targets = (
				FFF7B084263EF6C90092FE38 /* Landmarks */,
				29605E0D2649731D00237180 /* WatchLandmarks */,
				29605E162649731F00237180 /* WatchLandmarks Extension */,
			);
		};
/* End PBXProject section */

/* Begin PBXResourcesBuildPhase section */
		29605E0C2649731D00237180 /* Resources */ = {
			isa = PBXResourcesBuildPhase;
			buildActionMask = 2147483647;
			files = (
				29605E112649731E00237180 /* Assets.xcassets in Resources */,
			);
			runOnlyForDeploymentPostprocessing = 0;
		};
		29605E152649731F00237180 /* Resources */ = {
			isa = PBXResourcesBuildPhase;
			buildActionMask = 2147483647;
			files = (
				29605E2A2649731F00237180 /* Preview Assets.xcassets in Resources */,
				29605E3A2649742200237180 /* hikeData.json in Resources */,
				29605E3F2649742200237180 /* Assets.xcassets in Resources */,
				29605E432649742200237180 /* landmarkData.json in Resources */,
				29605E272649731F00237180 /* Assets.xcassets in Resources */,
			);
			runOnlyForDeploymentPostprocessing = 0;
		};
		FFF7B083263EF6C90092FE38 /* Resources */ = {
			isa = PBXResourcesBuildPhase;
			buildActionMask = 2147483647;
			files = (
				FF422ADC26443F530079E211 /* hikeData.json in Resources */,
				FFF7B090263EF6CA0092FE38 /* Preview Assets.xcassets in Resources */,
				FFF7B08D263EF6CA0092FE38 /* Assets.xcassets in Resources */,
				FFF7B09C2640391B0092FE38 /* landmarkData.json in Resources */,
			);
			runOnlyForDeploymentPostprocessing = 0;
		};
/* End PBXResourcesBuildPhase section */

/* Begin PBXSourcesBuildPhase section */
		29605E132649731F00237180 /* Sources */ = {
			isa = PBXSourcesBuildPhase;
			buildActionMask = 2147483647;
			files = (
				29605E212649731F00237180 /* NotificationController.swift in Sources */,
				29605E3C2649742200237180 /* MapView.swift in Sources */,
				29605E1F2649731F00237180 /* ContentView.swift in Sources */,
				29605E422649742200237180 /* Profile.swift in Sources */,
				29605E252649731F00237180 /* ComplicationController.swift in Sources */,
				29605E402649742200237180 /* Hike.swift in Sources */,
				29605E45264975BA00237180 /* LandmarkDetail.swift in Sources */,
				29605E3D2649742200237180 /* LandmarksApp.swift in Sources */,
				29605E3B2649742200237180 /* CircleImage.swift in Sources */,
				29605E232649731F00237180 /* NotificationView.swift in Sources */,
				29605E382649742200237180 /* LandmarkList.swift in Sources */,
				29605E3E2649742200237180 /* LandmarkRow.swift in Sources */,
				29605E392649742200237180 /* ModelData.swift in Sources */,
				29605E412649742200237180 /* Landmark.swift in Sources */,
			);
			runOnlyForDeploymentPostprocessing = 0;
		};
		FFF7B081263EF6C90092FE38 /* Sources */ = {
			isa = PBXSourcesBuildPhase;
			buildActionMask = 2147483647;
			files = (
				FF422AEC26458DED0079E211 /* CategoryRow.swift in Sources */,
				FFCFF7172647104000998CCD /* Profile.swift in Sources */,
				FFF7B08B263EF6C90092FE38 /* ContentView.swift in Sources */,
				FF422AEA26458C190079E211 /* CategoryHome.swift in Sources */,
				29605E072648238D00237180 /* FeatureCard.swift in Sources */,
				FF422AE5264440570079E211 /* HikeGraph.swift in Sources */,
				FF422AD92642F9260079E211 /* Badge.swift in Sources */,
				FFF7B09A263EF8AF0092FE38 /* MapView.swift in Sources */,
				FF422AE4264440570079E211 /* GraphCapsule.swift in Sources */,
				FFF7B089263EF6C90092FE38 /* LandmarksApp.swift in Sources */,
				29605E0B26482A0F00237180 /* PageControl.swift in Sources */,
				FF422ACD2641A9CF0079E211 /* FavoriteButton.swift in Sources */,
				FF422AEE26458F120079E211 /* CategoryItem.swift in Sources */,
				FF422AE6264440570079E211 /* HikeDetail.swift in Sources */,
				FFCFF71C2647114900998CCD /* ProfileSummary.swift in Sources */,
				FF422AD12642F06B0079E211 /* HexagonParameters.swift in Sources */,
				FFCFF71A2647110700998CCD /* ProfileHost.swift in Sources */,
				FF422ADE26443F930079E211 /* Hike.swift in Sources */,
				FF422AD72642F89D0079E211 /* RotatedBadgeSymbol.swift in Sources */,
				29605E092648250100237180 /* PageView.swift in Sources */,
				FF422AD52642F6170079E211 /* BadgeSymbol.swift in Sources */,
				FFCFF7202647168800998CCD /* ProfileEditor.swift in Sources */,
				FFF7B0A726403D3A0092FE38 /* LandmarkList.swift in Sources */,
				FF422AE7264440570079E211 /* HikeView.swift in Sources */,
				FFF7B0A926403E5B0092FE38 /* LandmarkDetail.swift in Sources */,
				29605E05264821F600237180 /* PageViewController.swift in Sources */,
				FF422AD32642F27E0079E211 /* BadgeBackground.swift in Sources */,
				FFCFF71E2647124300998CCD /* HikeBadge.swift in Sources */,
				FFF7B098263EF8200092FE38 /* CircleImage.swift in Sources */,
				FFF7B09E2640396E0092FE38 /* Landmark.swift in Sources */,
				FFF7B0A526403C120092FE38 /* LandmarkRow.swift in Sources */,
				FFF7B0A026403AA20092FE38 /* ModelData.swift in Sources */,
			);
			runOnlyForDeploymentPostprocessing = 0;
		};
/* End PBXSourcesBuildPhase section */

/* Begin PBXTargetDependency section */
		29605E1A2649731F00237180 /* PBXTargetDependency */ = {
			isa = PBXTargetDependency;
			target = 29605E162649731F00237180 /* WatchLandmarks Extension */;
			targetProxy = 29605E192649731F00237180 /* PBXContainerItemProxy */;
		};
		29605E2E2649731F00237180 /* PBXTargetDependency */ = {
			isa = PBXTargetDependency;
			target = 29605E0D2649731D00237180 /* WatchLandmarks */;
			targetProxy = 29605E2D2649731F00237180 /* PBXContainerItemProxy */;
		};
/* End PBXTargetDependency section */

/* Begin XCBuildConfiguration section */
		29605E312649731F00237180 /* Debug */ = {
			isa = XCBuildConfiguration;
			buildSettings = {
				ASSETCATALOG_COMPILER_COMPLICATION_NAME = Complication;
				CODE_SIGN_STYLE = Automatic;
				DEVELOPMENT_ASSET_PATHS = "\"WatchLandmarks Extension/Preview Content\"";
				DEVELOPMENT_TEAM = SE96QQ4Q6G;
				ENABLE_PREVIEWS = YES;
				INFOPLIST_FILE = "WatchLandmarks Extension/Info.plist";
				LD_RUNPATH_SEARCH_PATHS = (
					"$(inherited)",
					"@executable_path/Frameworks",
					"@executable_path/../../Frameworks",
				);
				PRODUCT_BUNDLE_IDENTIFIER = com.johnkouris.Landmarks.watchkitapp.watchkitextension;
				PRODUCT_NAME = "${TARGET_NAME}";
				SDKROOT = watchos;
				SKIP_INSTALL = YES;
				SWIFT_VERSION = 5.0;
				TARGETED_DEVICE_FAMILY = 4;
				WATCHOS_DEPLOYMENT_TARGET = 7.4;
			};
			name = Debug;
		};
		29605E322649731F00237180 /* Release */ = {
			isa = XCBuildConfiguration;
			buildSettings = {
				ASSETCATALOG_COMPILER_COMPLICATION_NAME = Complication;
				CODE_SIGN_STYLE = Automatic;
				DEVELOPMENT_ASSET_PATHS = "\"WatchLandmarks Extension/Preview Content\"";
				DEVELOPMENT_TEAM = SE96QQ4Q6G;
				ENABLE_PREVIEWS = YES;
				INFOPLIST_FILE = "WatchLandmarks Extension/Info.plist";
				LD_RUNPATH_SEARCH_PATHS = (
					"$(inherited)",
					"@executable_path/Frameworks",
					"@executable_path/../../Frameworks",
				);
				PRODUCT_BUNDLE_IDENTIFIER = com.johnkouris.Landmarks.watchkitapp.watchkitextension;
				PRODUCT_NAME = "${TARGET_NAME}";
				SDKROOT = watchos;
				SKIP_INSTALL = YES;
				SWIFT_VERSION = 5.0;
				TARGETED_DEVICE_FAMILY = 4;
				WATCHOS_DEPLOYMENT_TARGET = 7.4;
			};
			name = Release;
		};
		29605E352649731F00237180 /* Debug */ = {
			isa = XCBuildConfiguration;
			buildSettings = {
				ALWAYS_EMBED_SWIFT_STANDARD_LIBRARIES = YES;
				ASSETCATALOG_COMPILER_APPICON_NAME = AppIcon;
				ASSETCATALOG_COMPILER_GLOBAL_ACCENT_COLOR_NAME = AccentColor;
				CODE_SIGN_STYLE = Automatic;
				DEVELOPMENT_TEAM = SE96QQ4Q6G;
				IBSC_MODULE = WatchLandmarks_Extension;
				INFOPLIST_FILE = WatchLandmarks/Info.plist;
				PRODUCT_BUNDLE_IDENTIFIER = com.johnkouris.Landmarks.watchkitapp;
				PRODUCT_NAME = "$(TARGET_NAME)";
				SDKROOT = watchos;
				SKIP_INSTALL = YES;
				SWIFT_VERSION = 5.0;
				TARGETED_DEVICE_FAMILY = 4;
				WATCHOS_DEPLOYMENT_TARGET = 7.4;
			};
			name = Debug;
		};
		29605E362649731F00237180 /* Release */ = {
			isa = XCBuildConfiguration;
			buildSettings = {
				ALWAYS_EMBED_SWIFT_STANDARD_LIBRARIES = YES;
				ASSETCATALOG_COMPILER_APPICON_NAME = AppIcon;
				ASSETCATALOG_COMPILER_GLOBAL_ACCENT_COLOR_NAME = AccentColor;
				CODE_SIGN_STYLE = Automatic;
				DEVELOPMENT_TEAM = SE96QQ4Q6G;
				IBSC_MODULE = WatchLandmarks_Extension;
				INFOPLIST_FILE = WatchLandmarks/Info.plist;
				PRODUCT_BUNDLE_IDENTIFIER = com.johnkouris.Landmarks.watchkitapp;
				PRODUCT_NAME = "$(TARGET_NAME)";
				SDKROOT = watchos;
				SKIP_INSTALL = YES;
				SWIFT_VERSION = 5.0;
				TARGETED_DEVICE_FAMILY = 4;
				WATCHOS_DEPLOYMENT_TARGET = 7.4;
			};
			name = Release;
		};
		FFF7B092263EF6CA0092FE38 /* Debug */ = {
			isa = XCBuildConfiguration;
			buildSettings = {
				ALWAYS_SEARCH_USER_PATHS = NO;
				CLANG_ANALYZER_NONNULL = YES;
				CLANG_ANALYZER_NUMBER_OBJECT_CONVERSION = YES_AGGRESSIVE;
				CLANG_CXX_LANGUAGE_STANDARD = "gnu++14";
				CLANG_CXX_LIBRARY = "libc++";
				CLANG_ENABLE_MODULES = YES;
				CLANG_ENABLE_OBJC_ARC = YES;
				CLANG_ENABLE_OBJC_WEAK = YES;
				CLANG_WARN_BLOCK_CAPTURE_AUTORELEASING = YES;
				CLANG_WARN_BOOL_CONVERSION = YES;
				CLANG_WARN_COMMA = YES;
				CLANG_WARN_CONSTANT_CONVERSION = YES;
				CLANG_WARN_DEPRECATED_OBJC_IMPLEMENTATIONS = YES;
				CLANG_WARN_DIRECT_OBJC_ISA_USAGE = YES_ERROR;
				CLANG_WARN_DOCUMENTATION_COMMENTS = YES;
				CLANG_WARN_EMPTY_BODY = YES;
				CLANG_WARN_ENUM_CONVERSION = YES;
				CLANG_WARN_INFINITE_RECURSION = YES;
				CLANG_WARN_INT_CONVERSION = YES;
				CLANG_WARN_NON_LITERAL_NULL_CONVERSION = YES;
				CLANG_WARN_OBJC_IMPLICIT_RETAIN_SELF = YES;
				CLANG_WARN_OBJC_LITERAL_CONVERSION = YES;
				CLANG_WARN_OBJC_ROOT_CLASS = YES_ERROR;
				CLANG_WARN_QUOTED_INCLUDE_IN_FRAMEWORK_HEADER = YES;
				CLANG_WARN_RANGE_LOOP_ANALYSIS = YES;
				CLANG_WARN_STRICT_PROTOTYPES = YES;
				CLANG_WARN_SUSPICIOUS_MOVE = YES;
				CLANG_WARN_UNGUARDED_AVAILABILITY = YES_AGGRESSIVE;
				CLANG_WARN_UNREACHABLE_CODE = YES;
				CLANG_WARN__DUPLICATE_METHOD_MATCH = YES;
				COPY_PHASE_STRIP = NO;
				DEBUG_INFORMATION_FORMAT = dwarf;
				ENABLE_STRICT_OBJC_MSGSEND = YES;
				ENABLE_TESTABILITY = YES;
				GCC_C_LANGUAGE_STANDARD = gnu11;
				GCC_DYNAMIC_NO_PIC = NO;
				GCC_NO_COMMON_BLOCKS = YES;
				GCC_OPTIMIZATION_LEVEL = 0;
				GCC_PREPROCESSOR_DEFINITIONS = (
					"DEBUG=1",
					"$(inherited)",
				);
				GCC_WARN_64_TO_32_BIT_CONVERSION = YES;
				GCC_WARN_ABOUT_RETURN_TYPE = YES_ERROR;
				GCC_WARN_UNDECLARED_SELECTOR = YES;
				GCC_WARN_UNINITIALIZED_AUTOS = YES_AGGRESSIVE;
				GCC_WARN_UNUSED_FUNCTION = YES;
				GCC_WARN_UNUSED_VARIABLE = YES;
				IPHONEOS_DEPLOYMENT_TARGET = 14.5;
				MTL_ENABLE_DEBUG_INFO = INCLUDE_SOURCE;
				MTL_FAST_MATH = YES;
				ONLY_ACTIVE_ARCH = YES;
				SDKROOT = iphoneos;
				SWIFT_ACTIVE_COMPILATION_CONDITIONS = DEBUG;
				SWIFT_OPTIMIZATION_LEVEL = "-Onone";
			};
			name = Debug;
		};
		FFF7B093263EF6CA0092FE38 /* Release */ = {
			isa = XCBuildConfiguration;
			buildSettings = {
				ALWAYS_SEARCH_USER_PATHS = NO;
				CLANG_ANALYZER_NONNULL = YES;
				CLANG_ANALYZER_NUMBER_OBJECT_CONVERSION = YES_AGGRESSIVE;
				CLANG_CXX_LANGUAGE_STANDARD = "gnu++14";
				CLANG_CXX_LIBRARY = "libc++";
				CLANG_ENABLE_MODULES = YES;
				CLANG_ENABLE_OBJC_ARC = YES;
				CLANG_ENABLE_OBJC_WEAK = YES;
				CLANG_WARN_BLOCK_CAPTURE_AUTORELEASING = YES;
				CLANG_WARN_BOOL_CONVERSION = YES;
				CLANG_WARN_COMMA = YES;
				CLANG_WARN_CONSTANT_CONVERSION = YES;
				CLANG_WARN_DEPRECATED_OBJC_IMPLEMENTATIONS = YES;
				CLANG_WARN_DIRECT_OBJC_ISA_USAGE = YES_ERROR;
				CLANG_WARN_DOCUMENTATION_COMMENTS = YES;
				CLANG_WARN_EMPTY_BODY = YES;
				CLANG_WARN_ENUM_CONVERSION = YES;
				CLANG_WARN_INFINITE_RECURSION = YES;
				CLANG_WARN_INT_CONVERSION = YES;
				CLANG_WARN_NON_LITERAL_NULL_CONVERSION = YES;
				CLANG_WARN_OBJC_IMPLICIT_RETAIN_SELF = YES;
				CLANG_WARN_OBJC_LITERAL_CONVERSION = YES;
				CLANG_WARN_OBJC_ROOT_CLASS = YES_ERROR;
				CLANG_WARN_QUOTED_INCLUDE_IN_FRAMEWORK_HEADER = YES;
				CLANG_WARN_RANGE_LOOP_ANALYSIS = YES;
				CLANG_WARN_STRICT_PROTOTYPES = YES;
				CLANG_WARN_SUSPICIOUS_MOVE = YES;
				CLANG_WARN_UNGUARDED_AVAILABILITY = YES_AGGRESSIVE;
				CLANG_WARN_UNREACHABLE_CODE = YES;
				CLANG_WARN__DUPLICATE_METHOD_MATCH = YES;
				COPY_PHASE_STRIP = NO;
				DEBUG_INFORMATION_FORMAT = "dwarf-with-dsym";
				ENABLE_NS_ASSERTIONS = NO;
				ENABLE_STRICT_OBJC_MSGSEND = YES;
				GCC_C_LANGUAGE_STANDARD = gnu11;
				GCC_NO_COMMON_BLOCKS = YES;
				GCC_WARN_64_TO_32_BIT_CONVERSION = YES;
				GCC_WARN_ABOUT_RETURN_TYPE = YES_ERROR;
				GCC_WARN_UNDECLARED_SELECTOR = YES;
				GCC_WARN_UNINITIALIZED_AUTOS = YES_AGGRESSIVE;
				GCC_WARN_UNUSED_FUNCTION = YES;
				GCC_WARN_UNUSED_VARIABLE = YES;
				IPHONEOS_DEPLOYMENT_TARGET = 14.5;
				MTL_ENABLE_DEBUG_INFO = NO;
				MTL_FAST_MATH = YES;
				SDKROOT = iphoneos;
				SWIFT_COMPILATION_MODE = wholemodule;
				SWIFT_OPTIMIZATION_LEVEL = "-O";
				VALIDATE_PRODUCT = YES;
			};
			name = Release;
		};
		FFF7B095263EF6CA0092FE38 /* Debug */ = {
			isa = XCBuildConfiguration;
			buildSettings = {
				ASSETCATALOG_COMPILER_APPICON_NAME = AppIcon;
				ASSETCATALOG_COMPILER_GLOBAL_ACCENT_COLOR_NAME = AccentColor;
				CODE_SIGN_STYLE = Automatic;
				DEVELOPMENT_ASSET_PATHS = "\"Landmarks/Preview Content\"";
				DEVELOPMENT_TEAM = SE96QQ4Q6G;
				ENABLE_PREVIEWS = YES;
				INFOPLIST_FILE = Landmarks/Info.plist;
				IPHONEOS_DEPLOYMENT_TARGET = 14.0;
				LD_RUNPATH_SEARCH_PATHS = (
					"$(inherited)",
					"@executable_path/Frameworks",
				);
				PRODUCT_BUNDLE_IDENTIFIER = com.johnkouris.Landmarks;
				PRODUCT_NAME = "$(TARGET_NAME)";
				SWIFT_VERSION = 5.0;
				TARGETED_DEVICE_FAMILY = "1,2";
			};
			name = Debug;
		};
		FFF7B096263EF6CA0092FE38 /* Release */ = {
			isa = XCBuildConfiguration;
			buildSettings = {
				ASSETCATALOG_COMPILER_APPICON_NAME = AppIcon;
				ASSETCATALOG_COMPILER_GLOBAL_ACCENT_COLOR_NAME = AccentColor;
				CODE_SIGN_STYLE = Automatic;
				DEVELOPMENT_ASSET_PATHS = "\"Landmarks/Preview Content\"";
				DEVELOPMENT_TEAM = SE96QQ4Q6G;
				ENABLE_PREVIEWS = YES;
				INFOPLIST_FILE = Landmarks/Info.plist;
				IPHONEOS_DEPLOYMENT_TARGET = 14.0;
				LD_RUNPATH_SEARCH_PATHS = (
					"$(inherited)",
					"@executable_path/Frameworks",
				);
				PRODUCT_BUNDLE_IDENTIFIER = com.johnkouris.Landmarks;
				PRODUCT_NAME = "$(TARGET_NAME)";
				SWIFT_VERSION = 5.0;
				TARGETED_DEVICE_FAMILY = "1,2";
			};
			name = Release;
		};
/* End XCBuildConfiguration section */

/* Begin XCConfigurationList section */
		29605E302649731F00237180 /* Build configuration list for PBXNativeTarget "WatchLandmarks Extension" */ = {
			isa = XCConfigurationList;
			buildConfigurations = (
				29605E312649731F00237180 /* Debug */,
				29605E322649731F00237180 /* Release */,
			);
			defaultConfigurationIsVisible = 0;
			defaultConfigurationName = Release;
		};
		29605E342649731F00237180 /* Build configuration list for PBXNativeTarget "WatchLandmarks" */ = {
			isa = XCConfigurationList;
			buildConfigurations = (
				29605E352649731F00237180 /* Debug */,
				29605E362649731F00237180 /* Release */,
			);
			defaultConfigurationIsVisible = 0;
			defaultConfigurationName = Release;
		};
		FFF7B080263EF6C90092FE38 /* Build configuration list for PBXProject "Landmarks" */ = {
			isa = XCConfigurationList;
			buildConfigurations = (
				FFF7B092263EF6CA0092FE38 /* Debug */,
				FFF7B093263EF6CA0092FE38 /* Release */,
			);
			defaultConfigurationIsVisible = 0;
			defaultConfigurationName = Release;
		};
		FFF7B094263EF6CA0092FE38 /* Build configuration list for PBXNativeTarget "Landmarks" */ = {
			isa = XCConfigurationList;
			buildConfigurations = (
				FFF7B095263EF6CA0092FE38 /* Debug */,
				FFF7B096263EF6CA0092FE38 /* Release */,
			);
			defaultConfigurationIsVisible = 0;
			defaultConfigurationName = Release;
		};
/* End XCConfigurationList section */
	};
	rootObject = FFF7B07D263EF6C90092FE38 /* Project object */;
}
